
Microsoft Visual Studio Solution File, Format Version 12.00
# Visual Studio Version 17
VisualStudioVersion = 17.0.31423.177
MinimumVisualStudioVersion = 10.0.40219.1
Project("{2150E333-8FDC-42A3-9474-1A3956D46DE8}") = "ToddTest", "ToddTest", "{375881A7-6CD4-4DC8-9DF2-079BEB93952B}"
EndProject
Project("{2150E333-8FDC-42A3-9474-1A3956D46DE8}") = "Transfer.Docs.Swagger", "Transfer.Docs.Swagger", "{45C1EAFA-DB3D-4C5F-93B5-8ADD2686FF98}"
EndProject
Project("{2150E333-8FDC-42A3-9474-1A3956D46DE8}") = "src", "src", "{25063DDA-0855-4143-B24F-EE0A8CFA25B5}"
EndProject
Project("{2150E333-8FDC-42A3-9474-1A3956D46DE8}") = "Transfer.Auth", "Transfer.Auth", "{D33B7C8C-E326-4FF2-B67D-4368DAE2403C}"
EndProject
Project("{2150E333-8FDC-42A3-9474-1A3956D46DE8}") = "Transfer.Tracing.Jaeger", "Transfer.Tracing.Jaeger", "{8400DA48-FC45-4B4A-B757-B2FD4723F5D0}"
EndProject
Project("{2150E333-8FDC-42A3-9474-1A3956D46DE8}") = "Transfer.Secrets.Vault", "Transfer.Secrets.Vault", "{F007F626-5089-4453-B3BC-BCD7F4157D02}"
EndProject
Project("{2150E333-8FDC-42A3-9474-1A3956D46DE8}") = "Transfer.Discovery.Consul", "Transfer.Discovery.Consul", "{56A84C65-DC7B-4520-B20D-3713E2EC472C}"
EndProject
Project("{2150E333-8FDC-42A3-9474-1A3956D46DE8}") = "src", "src", "{4146B061-2232-4D14-88B6-7B9E11BD2F5D}"
EndProject
Project("{2150E333-8FDC-42A3-9474-1A3956D46DE8}") = "src", "src", "{C5B9EEE3-5FEE-4AC0-A7EF-EA2F061E0E08}"
EndProject
Project("{2150E333-8FDC-42A3-9474-1A3956D46DE8}") = "src", "src", "{1E813F37-1A09-4C52-9E53-A86670FD68C5}"
EndProject
Project("{2150E333-8FDC-42A3-9474-1A3956D46DE8}") = "src", "src", "{056B0D3A-687B-4863-83A6-E64113DA81C2}"
EndProject
Project("{2150E333-8FDC-42A3-9474-1A3956D46DE8}") = "src", "src", "{EED8F465-D536-4F23-B84B-46AEBA55F6C3}"
EndProject
Project("{2150E333-8FDC-42A3-9474-1A3956D46DE8}") = "Transfer", "Transfer", "{97A52AF2-5D79-451F-9598-00376D06A81C}"
EndProject
Project("{2150E333-8FDC-42A3-9474-1A3956D46DE8}") = "src", "src", "{203E75A9-6D91-4AB4-9A5B-054C47A41F64}"
EndProject
Project("{9A19103F-16F7-4668-BE54-9A1E7A4F7556}") = "AdvancedProgram", "Test\AdvancedProgram\AdvancedProgram.csproj", "{7E441E75-23FD-44D5-BD56-7D80732EC260}"
EndProject
Project("{9A19103F-16F7-4668-BE54-9A1E7A4F7556}") = "ToddRateLimiter", "Test\ReatLimiter\ToddRateLimiter.csproj", "{862E6B25-5F47-4B23-A3C6-C202A501D47A}"
EndProject
Project("{9A19103F-16F7-4668-BE54-9A1E7A4F7556}") = "ToddTransfer2", "Test\ToddTransfer2\ToddTransfer2.csproj", "{CDBE7E09-AA89-468E-9A25-BDC464DDF770}"
EndProject
Project("{9A19103F-16F7-4668-BE54-9A1E7A4F7556}") = "MultithreadingDemo", "Test\MultithreadingDemo\MultithreadingDemo.csproj", "{8EDFAB65-9D4E-47B5-A270-081304574310}"
EndProject
Project("{9A19103F-16F7-4668-BE54-9A1E7A4F7556}") = "Transfer", "src\Transfer\Transfer.csproj", "{AD8ED16C-1C58-4FE8-9774-F2914F76FC88}"
EndProject
Project("{9A19103F-16F7-4668-BE54-9A1E7A4F7556}") = "Transfer.Auth", "src\Transfer.Auth\src\Transfer.Auth\Transfer.Auth.csproj", "{E8819D23-A600-4072-A183-8630F8AB3405}"
EndProject
Project("{9A19103F-16F7-4668-BE54-9A1E7A4F7556}") = "Transfer.Web.Test", "Test\Transfer.Web.Test\Transfer.Web.Test.csproj", "{B701BE60-9DD5-4A04-B08D-3FAD14594C43}"
EndProject
Project("{9A19103F-16F7-4668-BE54-9A1E7A4F7556}") = "Transfer.Docs.Swagger", "src\Transfer.Docs.Swagger\Transfer.Docs.Swagger.csproj", "{F2226FB9-7108-4863-88D7-992C322EF001}"
EndProject
Project("{9A19103F-16F7-4668-BE54-9A1E7A4F7556}") = "Transfer.Discovery.Consul", "src\Transfer.Discovery.Consul\src\Transfer.Discovery.Consul.csproj", "{49581439-A94E-4245-A46D-84127B64165B}"
EndProject
Project("{2150E333-8FDC-42A3-9474-1A3956D46DE8}") = "Transfer.HTTP", "Transfer.HTTP", "{9DB1EE38-91F6-481F-8A1D-3DFB9BC5A633}"
EndProject
Project("{2150E333-8FDC-42A3-9474-1A3956D46DE8}") = "src", "src", "{B5C25DD9-23BF-41E6-BAF5-11FB1144B07E}"
EndProject
Project("{9A19103F-16F7-4668-BE54-9A1E7A4F7556}") = "Transfer.HTTP", "src\Transfer.HTTP\src\Transfer.HTTP.csproj", "{11E35B84-D94E-4F00-BAD6-319AB9F0B66C}"
EndProject
Project("{2150E333-8FDC-42A3-9474-1A3956D46DE8}") = "Transfer.LoadBalancing,Fabio", "Transfer.LoadBalancing,Fabio", "{9D616640-7FC5-4B1C-8E0F-F48D5204CA93}"
EndProject
Project("{2150E333-8FDC-42A3-9474-1A3956D46DE8}") = "src", "src", "{306A4CA1-EEFF-4B79-BE9A-34AEFFEE53CA}"
EndProject
Project("{9A19103F-16F7-4668-BE54-9A1E7A4F7556}") = "Transfer.LoadBalancing.Fabio", "src\Transfer.LoadBalancing.Fabio\src\Transfer.LoadBalancing.Fabio.csproj", "{6D1E1DD9-EFBD-4223-AE45-6FEA930FC057}"
EndProject
Global
	GlobalSection(SolutionConfigurationPlatforms) = preSolution
		Debug|Any CPU = Debug|Any CPU
		Release|Any CPU = Release|Any CPU
	EndGlobalSection
	GlobalSection(ProjectConfigurationPlatforms) = postSolution
		{7E441E75-23FD-44D5-BD56-7D80732EC260}.Debug|Any CPU.ActiveCfg = Debug|Any CPU
		{7E441E75-23FD-44D5-BD56-7D80732EC260}.Debug|Any CPU.Build.0 = Debug|Any CPU
		{7E441E75-23FD-44D5-BD56-7D80732EC260}.Release|Any CPU.ActiveCfg = Release|Any CPU
		{7E441E75-23FD-44D5-BD56-7D80732EC260}.Release|Any CPU.Build.0 = Release|Any CPU
		{862E6B25-5F47-4B23-A3C6-C202A501D47A}.Debug|Any CPU.ActiveCfg = Debug|Any CPU
		{862E6B25-5F47-4B23-A3C6-C202A501D47A}.Debug|Any CPU.Build.0 = Debug|Any CPU
		{862E6B25-5F47-4B23-A3C6-C202A501D47A}.Release|Any CPU.ActiveCfg = Release|Any CPU
		{862E6B25-5F47-4B23-A3C6-C202A501D47A}.Release|Any CPU.Build.0 = Release|Any CPU
		{CDBE7E09-AA89-468E-9A25-BDC464DDF770}.Debug|Any CPU.ActiveCfg = Debug|Any CPU
		{CDBE7E09-AA89-468E-9A25-BDC464DDF770}.Debug|Any CPU.Build.0 = Debug|Any CPU
		{CDBE7E09-AA89-468E-9A25-BDC464DDF770}.Release|Any CPU.ActiveCfg = Release|Any CPU
		{CDBE7E09-AA89-468E-9A25-BDC464DDF770}.Release|Any CPU.Build.0 = Release|Any CPU
		{8EDFAB65-9D4E-47B5-A270-081304574310}.Debug|Any CPU.ActiveCfg = Debug|Any CPU
		{8EDFAB65-9D4E-47B5-A270-081304574310}.Debug|Any CPU.Build.0 = Debug|Any CPU
		{8EDFAB65-9D4E-47B5-A270-081304574310}.Release|Any CPU.ActiveCfg = Release|Any CPU
		{8EDFAB65-9D4E-47B5-A270-081304574310}.Release|Any CPU.Build.0 = Release|Any CPU
		{AD8ED16C-1C58-4FE8-9774-F2914F76FC88}.Debug|Any CPU.ActiveCfg = Debug|Any CPU
		{AD8ED16C-1C58-4FE8-9774-F2914F76FC88}.Debug|Any CPU.Build.0 = Debug|Any CPU
		{AD8ED16C-1C58-4FE8-9774-F2914F76FC88}.Release|Any CPU.ActiveCfg = Release|Any CPU
		{AD8ED16C-1C58-4FE8-9774-F2914F76FC88}.Release|Any CPU.Build.0 = Release|Any CPU
		{E8819D23-A600-4072-A183-8630F8AB3405}.Debug|Any CPU.ActiveCfg = Debug|Any CPU
		{E8819D23-A600-4072-A183-8630F8AB3405}.Debug|Any CPU.Build.0 = Debug|Any CPU
		{E8819D23-A600-4072-A183-8630F8AB3405}.Release|Any CPU.ActiveCfg = Release|Any CPU
		{E8819D23-A600-4072-A183-8630F8AB3405}.Release|Any CPU.Build.0 = Release|Any CPU
		{B701BE60-9DD5-4A04-B08D-3FAD14594C43}.Debug|Any CPU.ActiveCfg = Debug|Any CPU
		{B701BE60-9DD5-4A04-B08D-3FAD14594C43}.Debug|Any CPU.Build.0 = Debug|Any CPU
		{B701BE60-9DD5-4A04-B08D-3FAD14594C43}.Release|Any CPU.ActiveCfg = Release|Any CPU
		{B701BE60-9DD5-4A04-B08D-3FAD14594C43}.Release|Any CPU.Build.0 = Release|Any CPU
		{F2226FB9-7108-4863-88D7-992C322EF001}.Debug|Any CPU.ActiveCfg = Debug|Any CPU
		{F2226FB9-7108-4863-88D7-992C322EF001}.Debug|Any CPU.Build.0 = Debug|Any CPU
		{F2226FB9-7108-4863-88D7-992C322EF001}.Release|Any CPU.ActiveCfg = Release|Any CPU
		{F2226FB9-7108-4863-88D7-992C322EF001}.Release|Any CPU.Build.0 = Release|Any CPU
		{49581439-A94E-4245-A46D-84127B64165B}.Debug|Any CPU.ActiveCfg = Debug|Any CPU
		{49581439-A94E-4245-A46D-84127B64165B}.Debug|Any CPU.Build.0 = Debug|Any CPU
		{49581439-A94E-4245-A46D-84127B64165B}.Release|Any CPU.ActiveCfg = Release|Any CPU
		{49581439-A94E-4245-A46D-84127B64165B}.Release|Any CPU.Build.0 = Release|Any CPU
		{11E35B84-D94E-4F00-BAD6-319AB9F0B66C}.Debug|Any CPU.ActiveCfg = Debug|Any CPU
		{11E35B84-D94E-4F00-BAD6-319AB9F0B66C}.Debug|Any CPU.Build.0 = Debug|Any CPU
		{11E35B84-D94E-4F00-BAD6-319AB9F0B66C}.Release|Any CPU.ActiveCfg = Release|Any CPU
		{11E35B84-D94E-4F00-BAD6-319AB9F0B66C}.Release|Any CPU.Build.0 = Release|Any CPU
		{6D1E1DD9-EFBD-4223-AE45-6FEA930FC057}.Debug|Any CPU.ActiveCfg = Debug|Any CPU
		{6D1E1DD9-EFBD-4223-AE45-6FEA930FC057}.Debug|Any CPU.Build.0 = Debug|Any CPU
		{6D1E1DD9-EFBD-4223-AE45-6FEA930FC057}.Release|Any CPU.ActiveCfg = Release|Any CPU
		{6D1E1DD9-EFBD-4223-AE45-6FEA930FC057}.Release|Any CPU.Build.0 = Release|Any CPU
	EndGlobalSection
	GlobalSection(SolutionProperties) = preSolution
		HideSolutionNode = FALSE
	EndGlobalSection
	GlobalSection(NestedProjects) = preSolution
		{45C1EAFA-DB3D-4C5F-93B5-8ADD2686FF98} = {25063DDA-0855-4143-B24F-EE0A8CFA25B5}
		{D33B7C8C-E326-4FF2-B67D-4368DAE2403C} = {25063DDA-0855-4143-B24F-EE0A8CFA25B5}
		{8400DA48-FC45-4B4A-B757-B2FD4723F5D0} = {25063DDA-0855-4143-B24F-EE0A8CFA25B5}
		{F007F626-5089-4453-B3BC-BCD7F4157D02} = {25063DDA-0855-4143-B24F-EE0A8CFA25B5}
		{56A84C65-DC7B-4520-B20D-3713E2EC472C} = {25063DDA-0855-4143-B24F-EE0A8CFA25B5}
		{4146B061-2232-4D14-88B6-7B9E11BD2F5D} = {D33B7C8C-E326-4FF2-B67D-4368DAE2403C}
		{C5B9EEE3-5FEE-4AC0-A7EF-EA2F061E0E08} = {56A84C65-DC7B-4520-B20D-3713E2EC472C}
		{1E813F37-1A09-4C52-9E53-A86670FD68C5} = {45C1EAFA-DB3D-4C5F-93B5-8ADD2686FF98}
		{056B0D3A-687B-4863-83A6-E64113DA81C2} = {F007F626-5089-4453-B3BC-BCD7F4157D02}
		{EED8F465-D536-4F23-B84B-46AEBA55F6C3} = {8400DA48-FC45-4B4A-B757-B2FD4723F5D0}
		{97A52AF2-5D79-451F-9598-00376D06A81C} = {25063DDA-0855-4143-B24F-EE0A8CFA25B5}
		{203E75A9-6D91-4AB4-9A5B-054C47A41F64} = {97A52AF2-5D79-451F-9598-00376D06A81C}
		{7E441E75-23FD-44D5-BD56-7D80732EC260} = {375881A7-6CD4-4DC8-9DF2-079BEB93952B}
		{862E6B25-5F47-4B23-A3C6-C202A501D47A} = {375881A7-6CD4-4DC8-9DF2-079BEB93952B}
		{CDBE7E09-AA89-468E-9A25-BDC464DDF770} = {375881A7-6CD4-4DC8-9DF2-079BEB93952B}
		{8EDFAB65-9D4E-47B5-A270-081304574310} = {375881A7-6CD4-4DC8-9DF2-079BEB93952B}
		{AD8ED16C-1C58-4FE8-9774-F2914F76FC88} = {203E75A9-6D91-4AB4-9A5B-054C47A41F64}
		{E8819D23-A600-4072-A183-8630F8AB3405} = {4146B061-2232-4D14-88B6-7B9E11BD2F5D}
		{B701BE60-9DD5-4A04-B08D-3FAD14594C43} = {375881A7-6CD4-4DC8-9DF2-079BEB93952B}
		{F2226FB9-7108-4863-88D7-992C322EF001} = {1E813F37-1A09-4C52-9E53-A86670FD68C5}
		{49581439-A94E-4245-A46D-84127B64165B} = {C5B9EEE3-5FEE-4AC0-A7EF-EA2F061E0E08}
		{9DB1EE38-91F6-481F-8A1D-3DFB9BC5A633} = {25063DDA-0855-4143-B24F-EE0A8CFA25B5}
		{B5C25DD9-23BF-41E6-BAF5-11FB1144B07E} = {9DB1EE38-91F6-481F-8A1D-3DFB9BC5A633}
		{11E35B84-D94E-4F00-BAD6-319AB9F0B66C} = {B5C25DD9-23BF-41E6-BAF5-11FB1144B07E}
		{9D616640-7FC5-4B1C-8E0F-F48D5204CA93} = {25063DDA-0855-4143-B24F-EE0A8CFA25B5}
		{306A4CA1-EEFF-4B79-BE9A-34AEFFEE53CA} = {9D616640-7FC5-4B1C-8E0F-F48D5204CA93}
		{6D1E1DD9-EFBD-4223-AE45-6FEA930FC057} = {306A4CA1-EEFF-4B79-BE9A-34AEFFEE53CA}
	EndGlobalSection
	GlobalSection(ExtensibilityGlobals) = postSolution
		SolutionGuid = {EBBDD0B8-5DBA-4B63-AA09-7496837BAC54}
	EndGlobalSection
EndGlobal
