
Microsoft Visual Studio Solution File, Format Version 12.00
# Visual Studio Version 17
VisualStudioVersion = 17.0.31423.177
MinimumVisualStudioVersion = 10.0.40219.1
Project("{9A19103F-16F7-4668-BE54-9A1E7A4F7556}") = "SortAlgorithm", "SortAlgorithm\SortAlgorithm.csproj", "{E6D29B6D-B6B3-4873-A7AC-8D36A01F350E}"
EndProject
Project("{9A19103F-16F7-4668-BE54-9A1E7A4F7556}") = "ToddTransfer2", "ToddTransfer2\ToddTransfer2.csproj", "{D46CFCFB-BCB0-4808-B18B-DF0E8B73BDB5}"
EndProject
Project("{9A19103F-16F7-4668-BE54-9A1E7A4F7556}") = "AdvancedProgram", "AdvancedProgram\AdvancedProgram.csproj", "{0434626B-FD1B-4A07-B1AC-9074DAD7B21F}"
EndProject
Project("{9A19103F-16F7-4668-BE54-9A1E7A4F7556}") = "Todd.OcelotApiGateway", "Todd.ApiGateway\Todd.OcelotApiGateway.csproj", "{774AD5BB-C662-4272-AC10-447AA4234DB9}"
EndProject
Project("{9A19103F-16F7-4668-BE54-9A1E7A4F7556}") = "MultithreadingDemo", "MultithreadingDemo\MultithreadingDemo.csproj", "{0B8BB858-92C0-4EEA-A18F-016A0FBE7EA8}"
EndProject
Project("{2150E333-8FDC-42A3-9474-1A3956D46DE8}") = "mianshi", "mianshi", "{B9824605-87F2-499C-A56A-76CF7A3A9D9A}"
EndProject
Project("{FAE04EC0-301F-11D3-BF4B-00C04F79EFBC}") = "ToddRateLimiter", "ReatLimiter\ToddRateLimiter.csproj", "{5B916B1C-A2EC-4067-BE46-28E833A8FF76}"
EndProject
Global
	GlobalSection(SolutionConfigurationPlatforms) = preSolution
		Debug|Any CPU = Debug|Any CPU
		Release|Any CPU = Release|Any CPU
	EndGlobalSection
	GlobalSection(ProjectConfigurationPlatforms) = postSolution
		{E6D29B6D-B6B3-4873-A7AC-8D36A01F350E}.Debug|Any CPU.ActiveCfg = Debug|Any CPU
		{E6D29B6D-B6B3-4873-A7AC-8D36A01F350E}.Debug|Any CPU.Build.0 = Debug|Any CPU
		{E6D29B6D-B6B3-4873-A7AC-8D36A01F350E}.Release|Any CPU.ActiveCfg = Release|Any CPU
		{E6D29B6D-B6B3-4873-A7AC-8D36A01F350E}.Release|Any CPU.Build.0 = Release|Any CPU
		{D46CFCFB-BCB0-4808-B18B-DF0E8B73BDB5}.Debug|Any CPU.ActiveCfg = Debug|Any CPU
		{D46CFCFB-BCB0-4808-B18B-DF0E8B73BDB5}.Debug|Any CPU.Build.0 = Debug|Any CPU
		{D46CFCFB-BCB0-4808-B18B-DF0E8B73BDB5}.Release|Any CPU.ActiveCfg = Release|Any CPU
		{D46CFCFB-BCB0-4808-B18B-DF0E8B73BDB5}.Release|Any CPU.Build.0 = Release|Any CPU
		{0434626B-FD1B-4A07-B1AC-9074DAD7B21F}.Debug|Any CPU.ActiveCfg = Debug|Any CPU
		{0434626B-FD1B-4A07-B1AC-9074DAD7B21F}.Debug|Any CPU.Build.0 = Debug|Any CPU
		{0434626B-FD1B-4A07-B1AC-9074DAD7B21F}.Release|Any CPU.ActiveCfg = Release|Any CPU
		{0434626B-FD1B-4A07-B1AC-9074DAD7B21F}.Release|Any CPU.Build.0 = Release|Any CPU
		{774AD5BB-C662-4272-AC10-447AA4234DB9}.Debug|Any CPU.ActiveCfg = Debug|Any CPU
		{774AD5BB-C662-4272-AC10-447AA4234DB9}.Debug|Any CPU.Build.0 = Debug|Any CPU
		{774AD5BB-C662-4272-AC10-447AA4234DB9}.Release|Any CPU.ActiveCfg = Release|Any CPU
		{774AD5BB-C662-4272-AC10-447AA4234DB9}.Release|Any CPU.Build.0 = Release|Any CPU
		{0B8BB858-92C0-4EEA-A18F-016A0FBE7EA8}.Debug|Any CPU.ActiveCfg = Debug|Any CPU
		{0B8BB858-92C0-4EEA-A18F-016A0FBE7EA8}.Debug|Any CPU.Build.0 = Debug|Any CPU
		{0B8BB858-92C0-4EEA-A18F-016A0FBE7EA8}.Release|Any CPU.ActiveCfg = Release|Any CPU
		{0B8BB858-92C0-4EEA-A18F-016A0FBE7EA8}.Release|Any CPU.Build.0 = Release|Any CPU
		{5B916B1C-A2EC-4067-BE46-28E833A8FF76}.Debug|Any CPU.ActiveCfg = Debug|Any CPU
		{5B916B1C-A2EC-4067-BE46-28E833A8FF76}.Debug|Any CPU.Build.0 = Debug|Any CPU
		{5B916B1C-A2EC-4067-BE46-28E833A8FF76}.Release|Any CPU.ActiveCfg = Release|Any CPU
		{5B916B1C-A2EC-4067-BE46-28E833A8FF76}.Release|Any CPU.Build.0 = Release|Any CPU
	EndGlobalSection
	GlobalSection(SolutionProperties) = preSolution
		HideSolutionNode = FALSE
	EndGlobalSection
	GlobalSection(NestedProjects) = preSolution
		{5B916B1C-A2EC-4067-BE46-28E833A8FF76} = {B9824605-87F2-499C-A56A-76CF7A3A9D9A}
	EndGlobalSection
	GlobalSection(ExtensibilityGlobals) = postSolution
		SolutionGuid = {EBBDD0B8-5DBA-4B63-AA09-7496837BAC54}
	EndGlobalSection
EndGlobal
